{
  "name": "aethercompiler",
  "version": "1.0.0",
  "lockfileVersion": 1,
  "requires": true,
  "dependencies": {
    "@richardanaya/seed": {
      "version": "0.0.8",
      "resolved": "https://registry.npmjs.org/@richardanaya/seed/-/seed-0.0.8.tgz",
      "integrity": "sha512-KXlejNHdXtvDb6Fal7efz9gb3EmtYPlDUv0nVvYrYddxprgWEK/LRdR4RCm5/b1QfYyxzVFGC9kcVZ/COi1CmA==",
      "requires": {
        "flattenbytes": "^1.0.0",
        "wasm-leb128": "^1.1.2"
      }
    },
    "flattenbytes": {
      "version": "1.0.0",
      "resolved": "https://registry.npmjs.org/flattenbytes/-/flattenbytes-1.0.0.tgz",
      "integrity": "sha512-PhpdpR9jw2Ix2LHQUH7sn4wDg0wT3esHvfkNmdxLLcXkxi/caHMgdOpuMpznOzSqBrKSSqC+9sp0fb7mmikiRw=="
    },
    "wasm-leb128": {
      "version": "1.1.2",
      "resolved": "https://registry.npmjs.org/wasm-leb128/-/wasm-leb128-1.1.2.tgz",
      "integrity": "sha512-O0gdlRfnZMXgmWOgumqWXi8bbm+SyU7IFj4vt+rKiIc3e7krlPOXFdcpxtPxaYjnsrObZb2tTmHZylp+l7zpjQ=="
    }
  }
}
